// !$*UTF8*$!
{
	archiveVersion = 1;
	classes = {
	};
	objectVersion = 46;
	objects = {

/* Begin PBXBuildFile section */
		C208C96011EBB8F100A8E38D /* MANotificationCenterAdditions.m in Sources */ = {isa = PBXBuildFile; fileRef = C208C95F11EBB8F100A8E38D /* MANotificationCenterAdditions.m */; };
		C25675F111E25C6A00CAB48E /* MAZeroingWeakRef.m in Sources */ = {isa = PBXBuildFile; fileRef = C25675F011E25C6A00CAB48E /* MAZeroingWeakRef.m */; };
		C26F610511F207270080EC96 /* MAZeroingWeakProxy.m in Sources */ = {isa = PBXBuildFile; fileRef = C26F610411F207270080EC96 /* MAZeroingWeakProxy.m */; };
		C2D7540C11E2588600816068 /* Foundation.framework in Frameworks */ = {isa = PBXBuildFile; fileRef = C2D7540B11E2588600816068 /* Foundation.framework */; };
		C2D7541011E2588600816068 /* main.m in Sources */ = {isa = PBXBuildFile; fileRef = C2D7540F11E2588600816068 /* main.m */; };
		C2DF1F2611ED2C1300EFC8AE /* MAWeakArray.m in Sources */ = {isa = PBXBuildFile; fileRef = C2DF1F2511ED2C1300EFC8AE /* MAWeakArray.m */; };
		C2DF1F2B11ED2C4700EFC8AE /* MAWeakDictionary.m in Sources */ = {isa = PBXBuildFile; fileRef = C2DF1F2A11ED2C4700EFC8AE /* MAWeakDictionary.m */; };
/* End PBXBuildFile section */

/* Begin PBXCopyFilesBuildPhase section */
		C2D7540511E2588600816068 /* CopyFiles */ = {
			isa = PBXCopyFilesBuildPhase;
			buildActionMask = 2147483647;
			dstPath = /usr/share/man/man1/;
			dstSubfolderSpec = 0;
			files = (
			);
			runOnlyForDeploymentPostprocessing = 1;
		};
/* End PBXCopyFilesBuildPhase section */

/* Begin PBXFileReference section */
		C208C95E11EBB8F100A8E38D /* MANotificationCenterAdditions.h */ = {isa = PBXFileReference; fileEncoding = 4; lastKnownFileType = sourcecode.c.h; path = MANotificationCenterAdditions.h; sourceTree = "<group>"; };
		C208C95F11EBB8F100A8E38D /* MANotificationCenterAdditions.m */ = {isa = PBXFileReference; fileEncoding = 4; lastKnownFileType = sourcecode.c.objc; path = MANotificationCenterAdditions.m; sourceTree = "<group>"; };
		C25675EF11E25C6A00CAB48E /* MAZeroingWeakRef.h */ = {isa = PBXFileReference; fileEncoding = 4; lastKnownFileType = sourcecode.c.h; path = MAZeroingWeakRef.h; sourceTree = "<group>"; };
		C25675F011E25C6A00CAB48E /* MAZeroingWeakRef.m */ = {isa = PBXFileReference; fileEncoding = 4; lastKnownFileType = sourcecode.c.objc; path = MAZeroingWeakRef.m; sourceTree = "<group>"; };
		C26F610311F207270080EC96 /* MAZeroingWeakProxy.h */ = {isa = PBXFileReference; fileEncoding = 4; lastKnownFileType = sourcecode.c.h; path = MAZeroingWeakProxy.h; sourceTree = "<group>"; };
		C26F610411F207270080EC96 /* MAZeroingWeakProxy.m */ = {isa = PBXFileReference; fileEncoding = 4; lastKnownFileType = sourcecode.c.objc; path = MAZeroingWeakProxy.m; sourceTree = "<group>"; };
		C2D7540711E2588600816068 /* ZeroingWeakRef */ = {isa = PBXFileReference; explicitFileType = "compiled.mach-o.executable"; includeInIndex = 0; path = ZeroingWeakRef; sourceTree = BUILT_PRODUCTS_DIR; };
		C2D7540B11E2588600816068 /* Foundation.framework */ = {isa = PBXFileReference; lastKnownFileType = wrapper.framework; name = Foundation.framework; path = System/Library/Frameworks/Foundation.framework; sourceTree = SDKROOT; };
		C2D7540F11E2588600816068 /* main.m */ = {isa = PBXFileReference; lastKnownFileType = sourcecode.c.objc; path = main.m; sourceTree = "<group>"; };
		C2D7541211E2588600816068 /* ZeroingWeakRef_Prefix.pch */ = {isa = PBXFileReference; lastKnownFileType = sourcecode.c.h; path = ZeroingWeakRef_Prefix.pch; sourceTree = "<group>"; };
		C2DF1F2411ED2C1300EFC8AE /* MAWeakArray.h */ = {isa = PBXFileReference; fileEncoding = 4; lastKnownFileType = sourcecode.c.h; path = MAWeakArray.h; sourceTree = "<group>"; };
		C2DF1F2511ED2C1300EFC8AE /* MAWeakArray.m */ = {isa = PBXFileReference; fileEncoding = 4; lastKnownFileType = sourcecode.c.objc; path = MAWeakArray.m; sourceTree = "<group>"; };
		C2DF1F2911ED2C4700EFC8AE /* MAWeakDictionary.h */ = {isa = PBXFileReference; fileEncoding = 4; lastKnownFileType = sourcecode.c.h; path = MAWeakDictionary.h; sourceTree = "<group>"; };
		C2DF1F2A11ED2C4700EFC8AE /* MAWeakDictionary.m */ = {isa = PBXFileReference; fileEncoding = 4; lastKnownFileType = sourcecode.c.objc; path = MAWeakDictionary.m; sourceTree = "<group>"; };
/* End PBXFileReference section */

/* Begin PBXFrameworksBuildPhase section */
		C2D7540411E2588600816068 /* Frameworks */ = {
			isa = PBXFrameworksBuildPhase;
			buildActionMask = 2147483647;
			files = (
				C2D7540C11E2588600816068 /* Foundation.framework in Frameworks */,
			);
			runOnlyForDeploymentPostprocessing = 0;
		};
/* End PBXFrameworksBuildPhase section */

/* Begin PBXGroup section */
		C2D753FA11E2588500816068 = {
			isa = PBXGroup;
			children = (
				C2D7540111E2588600816068 /* Source */,
				C2D7540811E2588600816068 /* Products */,
				C2D7540A11E2588600816068 /* Frameworks */,
				C2D7541111E2588600816068 /* Other Sources */,
			);
			sourceTree = "<group>";
		};
		C2D7540111E2588600816068 /* Source */ = {
			isa = PBXGroup;
			children = (
				C2D7540F11E2588600816068 /* main.m */,
				C25675EF11E25C6A00CAB48E /* MAZeroingWeakRef.h */,
				C25675F011E25C6A00CAB48E /* MAZeroingWeakRef.m */,
				C26F610311F207270080EC96 /* MAZeroingWeakProxy.h */,
				C26F610411F207270080EC96 /* MAZeroingWeakProxy.m */,
				C208C95E11EBB8F100A8E38D /* MANotificationCenterAdditions.h */,
				C208C95F11EBB8F100A8E38D /* MANotificationCenterAdditions.m */,
				C2DF1F2411ED2C1300EFC8AE /* MAWeakArray.h */,
				C2DF1F2511ED2C1300EFC8AE /* MAWeakArray.m */,
				C2DF1F2911ED2C4700EFC8AE /* MAWeakDictionary.h */,
				C2DF1F2A11ED2C4700EFC8AE /* MAWeakDictionary.m */,
			);
			path = Source;
			sourceTree = "<group>";
		};
		C2D7540811E2588600816068 /* Products */ = {
			isa = PBXGroup;
			children = (
				C2D7540711E2588600816068 /* ZeroingWeakRef */,
			);
			name = Products;
			sourceTree = "<group>";
		};
		C2D7540A11E2588600816068 /* Frameworks */ = {
			isa = PBXGroup;
			children = (
				C2D7540B11E2588600816068 /* Foundation.framework */,
			);
			name = Frameworks;
			sourceTree = "<group>";
		};
		C2D7541111E2588600816068 /* Other Sources */ = {
			isa = PBXGroup;
			children = (
				C2D7541211E2588600816068 /* ZeroingWeakRef_Prefix.pch */,
			);
			name = "Other Sources";
			sourceTree = "<group>";
		};
/* End PBXGroup section */

/* Begin PBXNativeTarget section */
		C2D7540611E2588600816068 /* ZeroingWeakRef */ = {
			isa = PBXNativeTarget;
			buildConfigurationList = C2D7541511E2588600816068 /* Build configuration list for PBXNativeTarget "ZeroingWeakRef" */;
			buildPhases = (
				C2D7540311E2588600816068 /* Sources */,
				C2D7540411E2588600816068 /* Frameworks */,
				C2D7540511E2588600816068 /* CopyFiles */,
			);
			buildRules = (
			);
			dependencies = (
			);
			name = ZeroingWeakRef;
			productName = ZeroingWeakRef;
			productReference = C2D7540711E2588600816068 /* ZeroingWeakRef */;
			productType = "com.apple.product-type.tool";
		};
/* End PBXNativeTarget section */

/* Begin PBXProject section */
		C2D753FC11E2588500816068 /* Project object */ = {
			isa = PBXProject;
			buildConfigurationList = C2D753FF11E2588500816068 /* Build configuration list for PBXProject "ZeroingWeakRef" */;
			compatibilityVersion = "Xcode 3.2";
			developmentRegion = English;
			hasScannedForEncodings = 0;
			knownRegions = (
				English,
				Japanese,
				French,
				German,
			);
			mainGroup = C2D753FA11E2588500816068;
			productRefGroup = C2D7540811E2588600816068 /* Products */;
			projectDirPath = "";
			projectRoot = "";
			targets = (
				C2D7540611E2588600816068 /* ZeroingWeakRef */,
			);
		};
/* End PBXProject section */

/* Begin PBXSourcesBuildPhase section */
		C2D7540311E2588600816068 /* Sources */ = {
			isa = PBXSourcesBuildPhase;
			buildActionMask = 2147483647;
			files = (
				C2D7541011E2588600816068 /* main.m in Sources */,
				C25675F111E25C6A00CAB48E /* MAZeroingWeakRef.m in Sources */,
				C208C96011EBB8F100A8E38D /* MANotificationCenterAdditions.m in Sources */,
				C2DF1F2611ED2C1300EFC8AE /* MAWeakArray.m in Sources */,
				C2DF1F2B11ED2C4700EFC8AE /* MAWeakDictionary.m in Sources */,
				C26F610511F207270080EC96 /* MAZeroingWeakProxy.m in Sources */,
			);
			runOnlyForDeploymentPostprocessing = 0;
		};
/* End PBXSourcesBuildPhase section */

/* Begin XCBuildConfiguration section */
		C2D7541311E2588600816068 /* Debug */ = {
			isa = XCBuildConfiguration;
			buildSettings = {
				ARCHS = "$(ARCHS_STANDARD_32_64_BIT)";
				GCC_C_LANGUAGE_STANDARD = gnu99;
				GCC_OPTIMIZATION_LEVEL = 0;
				GCC_PREPROCESSOR_DEFINITIONS = DEBUG;
				GCC_VERSION = com.apple.compilers.llvm.clang.1_0;
				GCC_WARN_ABOUT_RETURN_TYPE = YES;
				GCC_WARN_UNUSED_VARIABLE = YES;
				ONLY_ACTIVE_ARCH = YES;
				PREBINDING = NO;
				SDKROOT = macosx10.6;
			};
			name = Debug;
		};
		C2D7541411E2588600816068 /* Release */ = {
			isa = XCBuildConfiguration;
			buildSettings = {
				ARCHS = "$(ARCHS_STANDARD_32_64_BIT)";
				GCC_C_LANGUAGE_STANDARD = gnu99;
				GCC_VERSION = com.apple.compilers.llvm.clang.1_0;
				GCC_WARN_ABOUT_RETURN_TYPE = YES;
				GCC_WARN_UNUSED_VARIABLE = YES;
				PREBINDING = NO;
				SDKROOT = macosx10.6;
			};
			name = Release;
		};
		C2D7541611E2588600816068 /* Debug */ = {
			isa = XCBuildConfiguration;
			buildSettings = {
				ALWAYS_SEARCH_USER_PATHS = NO;
				COPY_PHASE_STRIP = NO;
				GCC_DYNAMIC_NO_PIC = NO;
				GCC_ENABLE_OBJC_EXCEPTIONS = YES;
				GCC_MODEL_TUNING = G5;
				GCC_PRECOMPILE_PREFIX_HEADER = YES;
				GCC_PREFIX_HEADER = ZeroingWeakRef_Prefix.pch;
				INSTALL_PATH = /usr/local/bin;
				PRODUCT_NAME = ZeroingWeakRef;
			};
			name = Debug;
		};
		C2D7541711E2588600816068 /* Release */ = {
			isa = XCBuildConfiguration;
			buildSettings = {
				ALWAYS_SEARCH_USER_PATHS = NO;
				COPY_PHASE_STRIP = YES;
				DEBUG_INFORMATION_FORMAT = "dwarf-with-dsym";
				GCC_ENABLE_OBJC_EXCEPTIONS = YES;
				GCC_MODEL_TUNING = G5;
				GCC_PRECOMPILE_PREFIX_HEADER = YES;
				GCC_PREFIX_HEADER = ZeroingWeakRef_Prefix.pch;
				INSTALL_PATH = /usr/local/bin;
				PRODUCT_NAME = ZeroingWeakRef;
			};
			name = Release;
		};
/* End XCBuildConfiguration section */

/* Begin XCConfigurationList section */
		C2D753FF11E2588500816068 /* Build configuration list for PBXProject "ZeroingWeakRef" */ = {
			isa = XCConfigurationList;
			buildConfigurations = (
				C2D7541311E2588600816068 /* Debug */,
				C2D7541411E2588600816068 /* Release */,
			);
			defaultConfigurationIsVisible = 0;
			defaultConfigurationName = Release;
		};
		C2D7541511E2588600816068 /* Build configuration list for PBXNativeTarget "ZeroingWeakRef" */ = {
			isa = XCConfigurationList;
			buildConfigurations = (
				C2D7541611E2588600816068 /* Debug */,
				C2D7541711E2588600816068 /* Release */,
			);
			defaultConfigurationIsVisible = 0;
			defaultConfigurationName = Release;
		};
/* End XCConfigurationList section */
	};
	rootObject = C2D753FC11E2588500816068 /* Project object */;
}
