// !$*UTF8*$!
{
	archiveVersion = 1;
	classes = {
	};
	objectVersion = 46;
	objects = {

/* Begin PBXBuildFile section */
		C208C96011EBB8F100A8E38D /* MANotificationCenterAdditions.m in Sources */ = {isa = PBXBuildFile; fileRef = C208C95F11EBB8F100A8E38D /* MANotificationCenterAdditions.m */; };
		C23912C3144A54F900AEFD01 /* UIKit.framework in Frameworks */ = {isa = PBXBuildFile; fileRef = C23912C2144A54F900AEFD01 /* UIKit.framework */; };
		C23912C4144A54F900AEFD01 /* Foundation.framework in Frameworks */ = {isa = PBXBuildFile; fileRef = C2D7540B11E2588600816068 /* Foundation.framework */; };
		C23912C6144A54F900AEFD01 /* CoreGraphics.framework in Frameworks */ = {isa = PBXBuildFile; fileRef = C23912C5144A54F900AEFD01 /* CoreGraphics.framework */; };
		C23912CE144A54F900AEFD01 /* main.m in Sources */ = {isa = PBXBuildFile; fileRef = C23912CD144A54F900AEFD01 /* main.m */; };
		C2414C0D144A5F2C0029A0D4 /* Foundation.framework in Frameworks */ = {isa = PBXBuildFile; fileRef = C2D7540B11E2588600816068 /* Foundation.framework */; };
		C2414C18144A5F690029A0D4 /* main.m in Sources */ = {isa = PBXBuildFile; fileRef = C23912CD144A54F900AEFD01 /* main.m */; };
		C2414C1C144A5F8F0029A0D4 /* AppKit.framework in Frameworks */ = {isa = PBXBuildFile; fileRef = C2414C1B144A5F8F0029A0D4 /* AppKit.framework */; };
		C25675F111E25C6A00CAB48E /* MAZeroingWeakRef.m in Sources */ = {isa = PBXBuildFile; fileRef = C25675F011E25C6A00CAB48E /* MAZeroingWeakRef.m */; };
		C26F610511F207270080EC96 /* MAZeroingWeakProxy.m in Sources */ = {isa = PBXBuildFile; fileRef = C26F610411F207270080EC96 /* MAZeroingWeakProxy.m */; };
		C2D7540C11E2588600816068 /* Foundation.framework in Frameworks */ = {isa = PBXBuildFile; fileRef = C2D7540B11E2588600816068 /* Foundation.framework */; };
		C2D7541011E2588600816068 /* main.m in Sources */ = {isa = PBXBuildFile; fileRef = C2D7540F11E2588600816068 /* main.m */; };
		C2DF1F2611ED2C1300EFC8AE /* MAWeakArray.m in Sources */ = {isa = PBXBuildFile; fileRef = C2DF1F2511ED2C1300EFC8AE /* MAWeakArray.m */; };
		C2DF1F2B11ED2C4700EFC8AE /* MAWeakDictionary.m in Sources */ = {isa = PBXBuildFile; fileRef = C2DF1F2A11ED2C4700EFC8AE /* MAWeakDictionary.m */; };
/* End PBXBuildFile section */

/* Begin PBXCopyFilesBuildPhase section */
		C2414C09144A5F2C0029A0D4 /* CopyFiles */ = {
			isa = PBXCopyFilesBuildPhase;
			buildActionMask = 2147483647;
			dstPath = /usr/share/man/man1/;
			dstSubfolderSpec = 0;
			files = (
			);
			runOnlyForDeploymentPostprocessing = 1;
		};
		C2D7540511E2588600816068 /* CopyFiles */ = {
			isa = PBXCopyFilesBuildPhase;
			buildActionMask = 2147483647;
			dstPath = /usr/share/man/man1/;
			dstSubfolderSpec = 0;
			files = (
			);
			runOnlyForDeploymentPostprocessing = 1;
		};
/* End PBXCopyFilesBuildPhase section */

/* Begin PBXFileReference section */
		C208C95E11EBB8F100A8E38D /* MANotificationCenterAdditions.h */ = {isa = PBXFileReference; fileEncoding = 4; lastKnownFileType = sourcecode.c.h; path = MANotificationCenterAdditions.h; sourceTree = "<group>"; };
		C208C95F11EBB8F100A8E38D /* MANotificationCenterAdditions.m */ = {isa = PBXFileReference; fileEncoding = 4; lastKnownFileType = sourcecode.c.objc; path = MANotificationCenterAdditions.m; sourceTree = "<group>"; };
		C23912C0144A54F900AEFD01 /* NativeZWRCheckeriPhone.app */ = {isa = PBXFileReference; explicitFileType = wrapper.application; includeInIndex = 0; path = NativeZWRCheckeriPhone.app; sourceTree = BUILT_PRODUCTS_DIR; };
		C23912C2144A54F900AEFD01 /* UIKit.framework */ = {isa = PBXFileReference; lastKnownFileType = wrapper.framework; name = UIKit.framework; path = Library/Frameworks/UIKit.framework; sourceTree = DEVELOPER_DIR; };
		C23912C5144A54F900AEFD01 /* CoreGraphics.framework */ = {isa = PBXFileReference; lastKnownFileType = wrapper.framework; name = CoreGraphics.framework; path = Library/Frameworks/CoreGraphics.framework; sourceTree = DEVELOPER_DIR; };
		C23912C9144A54F900AEFD01 /* NativeZWRCheckeriPhone-Info.plist */ = {isa = PBXFileReference; lastKnownFileType = text.plist.xml; path = "NativeZWRCheckeriPhone-Info.plist"; sourceTree = "<group>"; };
		C23912CD144A54F900AEFD01 /* main.m */ = {isa = PBXFileReference; lastKnownFileType = sourcecode.c.objc; path = main.m; sourceTree = "<group>"; };
		C2414C0B144A5F2C0029A0D4 /* NativeZWRCheckerMac */ = {isa = PBXFileReference; explicitFileType = "compiled.mach-o.executable"; includeInIndex = 0; path = NativeZWRCheckerMac; sourceTree = BUILT_PRODUCTS_DIR; };
		C2414C19144A5F6F0029A0D4 /* Cocoa.framework */ = {isa = PBXFileReference; lastKnownFileType = wrapper.framework; name = Cocoa.framework; path = SDKs/MacOSX10.7.sdk/System/Library/Frameworks/Cocoa.framework; sourceTree = DEVELOPER_DIR; };
		C2414C1B144A5F8F0029A0D4 /* AppKit.framework */ = {isa = PBXFileReference; lastKnownFileType = wrapper.framework; name = AppKit.framework; path = SDKs/MacOSX10.7.sdk/System/Library/Frameworks/AppKit.framework; sourceTree = DEVELOPER_DIR; };
		C25675EF11E25C6A00CAB48E /* MAZeroingWeakRef.h */ = {isa = PBXFileReference; fileEncoding = 4; lastKnownFileType = sourcecode.c.h; path = MAZeroingWeakRef.h; sourceTree = "<group>"; };
		C25675F011E25C6A00CAB48E /* MAZeroingWeakRef.m */ = {isa = PBXFileReference; fileEncoding = 4; lastKnownFileType = sourcecode.c.objc; path = MAZeroingWeakRef.m; sourceTree = "<group>"; };
		C26F610311F207270080EC96 /* MAZeroingWeakProxy.h */ = {isa = PBXFileReference; fileEncoding = 4; lastKnownFileType = sourcecode.c.h; path = MAZeroingWeakProxy.h; sourceTree = "<group>"; };
		C26F610411F207270080EC96 /* MAZeroingWeakProxy.m */ = {isa = PBXFileReference; fileEncoding = 4; lastKnownFileType = sourcecode.c.objc; path = MAZeroingWeakProxy.m; sourceTree = "<group>"; };
		C2D7540711E2588600816068 /* ZeroingWeakRef */ = {isa = PBXFileReference; explicitFileType = "compiled.mach-o.executable"; includeInIndex = 0; path = ZeroingWeakRef; sourceTree = BUILT_PRODUCTS_DIR; };
		C2D7540B11E2588600816068 /* Foundation.framework */ = {isa = PBXFileReference; lastKnownFileType = wrapper.framework; name = Foundation.framework; path = System/Library/Frameworks/Foundation.framework; sourceTree = SDKROOT; };
		C2D7540F11E2588600816068 /* main.m */ = {isa = PBXFileReference; lastKnownFileType = sourcecode.c.objc; path = main.m; sourceTree = "<group>"; };
		C2D7541211E2588600816068 /* ZeroingWeakRef_Prefix.pch */ = {isa = PBXFileReference; lastKnownFileType = sourcecode.c.h; path = ZeroingWeakRef_Prefix.pch; sourceTree = "<group>"; };
		C2DF1F2411ED2C1300EFC8AE /* MAWeakArray.h */ = {isa = PBXFileReference; fileEncoding = 4; lastKnownFileType = sourcecode.c.h; path = MAWeakArray.h; sourceTree = "<group>"; };
		C2DF1F2511ED2C1300EFC8AE /* MAWeakArray.m */ = {isa = PBXFileReference; fileEncoding = 4; lastKnownFileType = sourcecode.c.objc; path = MAWeakArray.m; sourceTree = "<group>"; };
		C2DF1F2911ED2C4700EFC8AE /* MAWeakDictionary.h */ = {isa = PBXFileReference; fileEncoding = 4; lastKnownFileType = sourcecode.c.h; path = MAWeakDictionary.h; sourceTree = "<group>"; };
		C2DF1F2A11ED2C4700EFC8AE /* MAWeakDictionary.m */ = {isa = PBXFileReference; fileEncoding = 4; lastKnownFileType = sourcecode.c.objc; path = MAWeakDictionary.m; sourceTree = "<group>"; };
		C2EB6F77144B37A400278198 /* MAZeroingWeakRefNativeZWRNotAllowedTable.h */ = {isa = PBXFileReference; fileEncoding = 4; lastKnownFileType = sourcecode.c.h; path = MAZeroingWeakRefNativeZWRNotAllowedTable.h; sourceTree = "<group>"; };
/* End PBXFileReference section */

/* Begin PBXFrameworksBuildPhase section */
		C23912BD144A54F900AEFD01 /* Frameworks */ = {
			isa = PBXFrameworksBuildPhase;
			buildActionMask = 2147483647;
			files = (
				C23912C3144A54F900AEFD01 /* UIKit.framework in Frameworks */,
				C23912C4144A54F900AEFD01 /* Foundation.framework in Frameworks */,
				C23912C6144A54F900AEFD01 /* CoreGraphics.framework in Frameworks */,
			);
			runOnlyForDeploymentPostprocessing = 0;
		};
		C2414C08144A5F2C0029A0D4 /* Frameworks */ = {
			isa = PBXFrameworksBuildPhase;
			buildActionMask = 2147483647;
			files = (
				C2414C1C144A5F8F0029A0D4 /* AppKit.framework in Frameworks */,
				C2414C0D144A5F2C0029A0D4 /* Foundation.framework in Frameworks */,
			);
			runOnlyForDeploymentPostprocessing = 0;
		};
		C2D7540411E2588600816068 /* Frameworks */ = {
			isa = PBXFrameworksBuildPhase;
			buildActionMask = 2147483647;
			files = (
				C2D7540C11E2588600816068 /* Foundation.framework in Frameworks */,
			);
			runOnlyForDeploymentPostprocessing = 0;
		};
/* End PBXFrameworksBuildPhase section */

/* Begin PBXGroup section */
		C23912C7144A54F900AEFD01 /* NativeZWRChecker */ = {
			isa = PBXGroup;
			children = (
				C23912C9144A54F900AEFD01 /* NativeZWRCheckeriPhone-Info.plist */,
				C23912CD144A54F900AEFD01 /* main.m */,
			);
			path = NativeZWRChecker;
			sourceTree = "<group>";
		};
		C2D753FA11E2588500816068 = {
			isa = PBXGroup;
			children = (
				C2414C1B144A5F8F0029A0D4 /* AppKit.framework */,
				C2414C19144A5F6F0029A0D4 /* Cocoa.framework */,
				C2D7540111E2588600816068 /* Source */,
				C23912C7144A54F900AEFD01 /* NativeZWRChecker */,
				C2D7540811E2588600816068 /* Products */,
				C2D7540A11E2588600816068 /* Frameworks */,
				C2D7541111E2588600816068 /* Other Sources */,
			);
			sourceTree = "<group>";
		};
		C2D7540111E2588600816068 /* Source */ = {
			isa = PBXGroup;
			children = (
				C2D7540F11E2588600816068 /* main.m */,
				C25675EF11E25C6A00CAB48E /* MAZeroingWeakRef.h */,
				C25675F011E25C6A00CAB48E /* MAZeroingWeakRef.m */,
				C26F610311F207270080EC96 /* MAZeroingWeakProxy.h */,
				C26F610411F207270080EC96 /* MAZeroingWeakProxy.m */,
				C208C95E11EBB8F100A8E38D /* MANotificationCenterAdditions.h */,
				C208C95F11EBB8F100A8E38D /* MANotificationCenterAdditions.m */,
				C2DF1F2411ED2C1300EFC8AE /* MAWeakArray.h */,
				C2DF1F2511ED2C1300EFC8AE /* MAWeakArray.m */,
				C2DF1F2911ED2C4700EFC8AE /* MAWeakDictionary.h */,
				C2DF1F2A11ED2C4700EFC8AE /* MAWeakDictionary.m */,
				C2EB6F77144B37A400278198 /* MAZeroingWeakRefNativeZWRNotAllowedTable.h */,
			);
			path = Source;
			sourceTree = "<group>";
		};
		C2D7540811E2588600816068 /* Products */ = {
			isa = PBXGroup;
			children = (
				C2D7540711E2588600816068 /* ZeroingWeakRef */,
				C23912C0144A54F900AEFD01 /* NativeZWRCheckeriPhone.app */,
				C2414C0B144A5F2C0029A0D4 /* NativeZWRCheckerMac */,
			);
			name = Products;
			sourceTree = "<group>";
		};
		C2D7540A11E2588600816068 /* Frameworks */ = {
			isa = PBXGroup;
			children = (
				C2D7540B11E2588600816068 /* Foundation.framework */,
				C23912C2144A54F900AEFD01 /* UIKit.framework */,
				C23912C5144A54F900AEFD01 /* CoreGraphics.framework */,
			);
			name = Frameworks;
			sourceTree = "<group>";
		};
		C2D7541111E2588600816068 /* Other Sources */ = {
			isa = PBXGroup;
			children = (
				C2D7541211E2588600816068 /* ZeroingWeakRef_Prefix.pch */,
			);
			name = "Other Sources";
			sourceTree = "<group>";
		};
/* End PBXGroup section */

/* Begin PBXNativeTarget section */
		C23912BF144A54F900AEFD01 /* NativeZWRCheckeriPhone */ = {
			isa = PBXNativeTarget;
			buildConfigurationList = C23912D5144A54F900AEFD01 /* Build configuration list for PBXNativeTarget "NativeZWRCheckeriPhone" */;
			buildPhases = (
				C23912BC144A54F900AEFD01 /* Sources */,
				C23912BD144A54F900AEFD01 /* Frameworks */,
				C23912BE144A54F900AEFD01 /* Resources */,
			);
			buildRules = (
			);
			dependencies = (
			);
			name = NativeZWRCheckeriPhone;
			productName = NativeZWRCheckeriPhone;
			productReference = C23912C0144A54F900AEFD01 /* NativeZWRCheckeriPhone.app */;
			productType = "com.apple.product-type.application";
		};
		C2414C0A144A5F2C0029A0D4 /* NativeZWRCheckerMac */ = {
			isa = PBXNativeTarget;
			buildConfigurationList = C2414C15144A5F2C0029A0D4 /* Build configuration list for PBXNativeTarget "NativeZWRCheckerMac" */;
			buildPhases = (
				C2414C07144A5F2C0029A0D4 /* Sources */,
				C2414C08144A5F2C0029A0D4 /* Frameworks */,
				C2414C09144A5F2C0029A0D4 /* CopyFiles */,
			);
			buildRules = (
			);
			dependencies = (
			);
			name = NativeZWRCheckerMac;
			productName = NativeZWRCheckerMac;
			productReference = C2414C0B144A5F2C0029A0D4 /* NativeZWRCheckerMac */;
			productType = "com.apple.product-type.tool";
		};
		C2D7540611E2588600816068 /* ZeroingWeakRef */ = {
			isa = PBXNativeTarget;
			buildConfigurationList = C2D7541511E2588600816068 /* Build configuration list for PBXNativeTarget "ZeroingWeakRef" */;
			buildPhases = (
				C2D7540311E2588600816068 /* Sources */,
				C2D7540411E2588600816068 /* Frameworks */,
				C2D7540511E2588600816068 /* CopyFiles */,
			);
			buildRules = (
			);
			dependencies = (
			);
			name = ZeroingWeakRef;
			productName = ZeroingWeakRef;
			productReference = C2D7540711E2588600816068 /* ZeroingWeakRef */;
			productType = "com.apple.product-type.tool";
		};
/* End PBXNativeTarget section */

/* Begin PBXProject section */
		C2D753FC11E2588500816068 /* Project object */ = {
			isa = PBXProject;
			buildConfigurationList = C2D753FF11E2588500816068 /* Build configuration list for PBXProject "ZeroingWeakRef" */;
			compatibilityVersion = "Xcode 3.2";
			developmentRegion = English;
			hasScannedForEncodings = 0;
			knownRegions = (
				English,
				Japanese,
				French,
				German,
				en,
			);
			mainGroup = C2D753FA11E2588500816068;
			productRefGroup = C2D7540811E2588600816068 /* Products */;
			projectDirPath = "";
			projectRoot = "";
			targets = (
				C2D7540611E2588600816068 /* ZeroingWeakRef */,
				C23912BF144A54F900AEFD01 /* NativeZWRCheckeriPhone */,
				C2414C0A144A5F2C0029A0D4 /* NativeZWRCheckerMac */,
			);
		};
/* End PBXProject section */

/* Begin PBXResourcesBuildPhase section */
		C23912BE144A54F900AEFD01 /* Resources */ = {
			isa = PBXResourcesBuildPhase;
			buildActionMask = 2147483647;
			files = (
			);
			runOnlyForDeploymentPostprocessing = 0;
		};
/* End PBXResourcesBuildPhase section */

/* Begin PBXSourcesBuildPhase section */
		C23912BC144A54F900AEFD01 /* Sources */ = {
			isa = PBXSourcesBuildPhase;
			buildActionMask = 2147483647;
			files = (
				C23912CE144A54F900AEFD01 /* main.m in Sources */,
			);
			runOnlyForDeploymentPostprocessing = 0;
		};
		C2414C07144A5F2C0029A0D4 /* Sources */ = {
			isa = PBXSourcesBuildPhase;
			buildActionMask = 2147483647;
			files = (
				C2414C18144A5F690029A0D4 /* main.m in Sources */,
			);
			runOnlyForDeploymentPostprocessing = 0;
		};
		C2D7540311E2588600816068 /* Sources */ = {
			isa = PBXSourcesBuildPhase;
			buildActionMask = 2147483647;
			files = (
				C2D7541011E2588600816068 /* main.m in Sources */,
				C25675F111E25C6A00CAB48E /* MAZeroingWeakRef.m in Sources */,
				C208C96011EBB8F100A8E38D /* MANotificationCenterAdditions.m in Sources */,
				C2DF1F2611ED2C1300EFC8AE /* MAWeakArray.m in Sources */,
				C2DF1F2B11ED2C4700EFC8AE /* MAWeakDictionary.m in Sources */,
				C26F610511F207270080EC96 /* MAZeroingWeakProxy.m in Sources */,
			);
			runOnlyForDeploymentPostprocessing = 0;
		};
/* End PBXSourcesBuildPhase section */

/* Begin XCBuildConfiguration section */
		C23912D3144A54F900AEFD01 /* Debug */ = {
			isa = XCBuildConfiguration;
			buildSettings = {
				ALWAYS_SEARCH_USER_PATHS = NO;
				ARCHS = "$(ARCHS_STANDARD_32_BIT)";
				"CODE_SIGN_IDENTITY[sdk=iphoneos*]" = "iPhone Developer";
				COPY_PHASE_STRIP = NO;
				FRAMEWORK_SEARCH_PATHS = (
					"$(inherited)",
					"\"$(DEVELOPER_FRAMEWORKS_DIR)\"",
				);
				GCC_DYNAMIC_NO_PIC = NO;
				GCC_PREPROCESSOR_DEFINITIONS = (
					"DEBUG=1",
					"$(inherited)",
				);
				GCC_SYMBOLS_PRIVATE_EXTERN = NO;
				GCC_WARN_ABOUT_MISSING_PROTOTYPES = YES;
				INFOPLIST_FILE = "NativeZWRCheckeriPhone/NativeZWRCheckeriPhone-Info.plist";
				IPHONEOS_DEPLOYMENT_TARGET = 5.0;
				PRODUCT_NAME = "$(TARGET_NAME)";
				SDKROOT = iphoneos;
				TARGETED_DEVICE_FAMILY = "1,2";
				WRAPPER_EXTENSION = app;
			};
			name = Debug;
		};
		C23912D4144A54F900AEFD01 /* Release */ = {
			isa = XCBuildConfiguration;
			buildSettings = {
				ALWAYS_SEARCH_USER_PATHS = NO;
				ARCHS = "$(ARCHS_STANDARD_32_BIT)";
				"CODE_SIGN_IDENTITY[sdk=iphoneos*]" = "iPhone Developer";
				COPY_PHASE_STRIP = YES;
				FRAMEWORK_SEARCH_PATHS = (
					"$(inherited)",
					"\"$(DEVELOPER_FRAMEWORKS_DIR)\"",
				);
				GCC_WARN_ABOUT_MISSING_PROTOTYPES = YES;
				INFOPLIST_FILE = "NativeZWRCheckeriPhone/NativeZWRCheckeriPhone-Info.plist";
				IPHONEOS_DEPLOYMENT_TARGET = 5.0;
				OTHER_CFLAGS = "-DNS_BLOCK_ASSERTIONS=1";
				PRODUCT_NAME = "$(TARGET_NAME)";
				SDKROOT = iphoneos;
				TARGETED_DEVICE_FAMILY = "1,2";
				VALIDATE_PRODUCT = YES;
				WRAPPER_EXTENSION = app;
			};
			name = Release;
		};
		C2414C16144A5F2C0029A0D4 /* Debug */ = {
			isa = XCBuildConfiguration;
			buildSettings = {
				ALWAYS_SEARCH_USER_PATHS = NO;
				ARCHS = "$(ARCHS_STANDARD_64_BIT)";
				COPY_PHASE_STRIP = NO;
				GCC_DYNAMIC_NO_PIC = NO;
				GCC_ENABLE_OBJC_EXCEPTIONS = YES;
				GCC_PREPROCESSOR_DEFINITIONS = (
					"DEBUG=1",
					"$(inherited)",
				);
				GCC_SYMBOLS_PRIVATE_EXTERN = NO;
				GCC_WARN_64_TO_32_BIT_CONVERSION = YES;
				GCC_WARN_ABOUT_MISSING_PROTOTYPES = YES;
				MACOSX_DEPLOYMENT_TARGET = 10.7;
				PRODUCT_NAME = "$(TARGET_NAME)";
				SDKROOT = macosx;
			};
			name = Debug;
		};
		C2414C17144A5F2C0029A0D4 /* Release */ = {
			isa = XCBuildConfiguration;
			buildSettings = {
				ALWAYS_SEARCH_USER_PATHS = NO;
				ARCHS = "$(ARCHS_STANDARD_64_BIT)";
				COPY_PHASE_STRIP = YES;
				DEBUG_INFORMATION_FORMAT = "dwarf-with-dsym";
				GCC_ENABLE_OBJC_EXCEPTIONS = YES;
				GCC_WARN_64_TO_32_BIT_CONVERSION = YES;
				GCC_WARN_ABOUT_MISSING_PROTOTYPES = YES;
				MACOSX_DEPLOYMENT_TARGET = 10.7;
				PRODUCT_NAME = "$(TARGET_NAME)";
				SDKROOT = macosx;
			};
			name = Release;
		};
		C2D7541311E2588600816068 /* Debug */ = {
			isa = XCBuildConfiguration;
			buildSettings = {
				ARCHS = "$(ARCHS_STANDARD_32_64_BIT)";
				GCC_C_LANGUAGE_STANDARD = gnu99;
				GCC_OPTIMIZATION_LEVEL = 0;
				GCC_PREPROCESSOR_DEFINITIONS = DEBUG;
				GCC_VERSION = com.apple.compilers.llvm.clang.1_0;
				GCC_WARN_ABOUT_RETURN_TYPE = YES;
				GCC_WARN_UNUSED_VARIABLE = YES;
				ONLY_ACTIVE_ARCH = YES;
				PREBINDING = NO;
			};
			name = Debug;
		};
		C2D7541411E2588600816068 /* Release */ = {
			isa = XCBuildConfiguration;
			buildSettings = {
				ARCHS = "$(ARCHS_STANDARD_32_64_BIT)";
				GCC_C_LANGUAGE_STANDARD = gnu99;
				GCC_VERSION = com.apple.compilers.llvm.clang.1_0;
				GCC_WARN_ABOUT_RETURN_TYPE = YES;
				GCC_WARN_UNUSED_VARIABLE = YES;
				PREBINDING = NO;
			};
			name = Release;
		};
		C2D7541611E2588600816068 /* Debug */ = {
			isa = XCBuildConfiguration;
			buildSettings = {
				ALWAYS_SEARCH_USER_PATHS = NO;
				COPY_PHASE_STRIP = NO;
				GCC_DYNAMIC_NO_PIC = NO;
				GCC_ENABLE_OBJC_EXCEPTIONS = YES;
				GCC_MODEL_TUNING = G5;
				GCC_PRECOMPILE_PREFIX_HEADER = YES;
				GCC_PREFIX_HEADER = ZeroingWeakRef_Prefix.pch;
				INSTALL_PATH = /usr/local/bin;
				PRODUCT_NAME = ZeroingWeakRef;
			};
			name = Debug;
		};
		C2D7541711E2588600816068 /* Release */ = {
			isa = XCBuildConfiguration;
			buildSettings = {
				ALWAYS_SEARCH_USER_PATHS = NO;
				COPY_PHASE_STRIP = YES;
				DEBUG_INFORMATION_FORMAT = "dwarf-with-dsym";
				GCC_ENABLE_OBJC_EXCEPTIONS = YES;
				GCC_MODEL_TUNING = G5;
				GCC_PRECOMPILE_PREFIX_HEADER = YES;
				GCC_PREFIX_HEADER = ZeroingWeakRef_Prefix.pch;
				INSTALL_PATH = /usr/local/bin;
				PRODUCT_NAME = ZeroingWeakRef;
			};
			name = Release;
		};
/* End XCBuildConfiguration section */

/* Begin XCConfigurationList section */
		C23912D5144A54F900AEFD01 /* Build configuration list for PBXNativeTarget "NativeZWRCheckeriPhone" */ = {
			isa = XCConfigurationList;
			buildConfigurations = (
				C23912D3144A54F900AEFD01 /* Debug */,
				C23912D4144A54F900AEFD01 /* Release */,
			);
			defaultConfigurationIsVisible = 0;
			defaultConfigurationName = Release;
		};
		C2414C15144A5F2C0029A0D4 /* Build configuration list for PBXNativeTarget "NativeZWRCheckerMac" */ = {
			isa = XCConfigurationList;
			buildConfigurations = (
				C2414C16144A5F2C0029A0D4 /* Debug */,
				C2414C17144A5F2C0029A0D4 /* Release */,
			);
			defaultConfigurationIsVisible = 0;
			defaultConfigurationName = Release;
		};
		C2D753FF11E2588500816068 /* Build configuration list for PBXProject "ZeroingWeakRef" */ = {
			isa = XCConfigurationList;
			buildConfigurations = (
				C2D7541311E2588600816068 /* Debug */,
				C2D7541411E2588600816068 /* Release */,
			);
			defaultConfigurationIsVisible = 0;
			defaultConfigurationName = Release;
		};
		C2D7541511E2588600816068 /* Build configuration list for PBXNativeTarget "ZeroingWeakRef" */ = {
			isa = XCConfigurationList;
			buildConfigurations = (
				C2D7541611E2588600816068 /* Debug */,
				C2D7541711E2588600816068 /* Release */,
			);
			defaultConfigurationIsVisible = 0;
			defaultConfigurationName = Release;
		};
/* End XCConfigurationList section */
	};
	rootObject = C2D753FC11E2588500816068 /* Project object */;
}
